// !$*UTF8*$!
{
	archiveVersion = 1;
	classes = {
	};
	objectVersion = 45;
	objects = {

/* Begin PBXBuildFile section */
		8D5B49B0048680CD000E48DA /* InfoPlist.strings in Resources */ = {isa = PBXBuildFile; fileRef = 089C167DFE841241C02AAC07 /* InfoPlist.strings */; };
		8D5B49B4048680CD000E48DA /* Cocoa.framework in Frameworks */ = {isa = PBXBuildFile; fileRef = 1058C7ADFEA557BF11CA2CBB /* Cocoa.framework */; };
		A42E03321263A73B0050268E /* ClipboardWindowController.mm in Sources */ = {isa = PBXBuildFile; fileRef = A42E03311263A73B0050268E /* ClipboardWindowController.mm */; };
		A42E03651263AA390050268E /* PackageContents.xml in Copy PAL File */ = {isa = PBXBuildFile; fileRef = A42E03431263A9970050268E /* PackageContents.xml */; };
		A42E03B41263AFC20050268E /* ClipboardApplication.mm in Sources */ = {isa = PBXBuildFile; fileRef = A42E03B31263AFC20050268E /* ClipboardApplication.mm */; };
		A42E03B71263B05C0050268E /* ClipboardCadHelper.mm in Sources */ = {isa = PBXBuildFile; fileRef = A42E03B61263B05C0050268E /* ClipboardCadHelper.mm */; };
		A439D3B51267384900426874 /* BWToolkitFramework.framework in Frameworks */ = {isa = PBXBuildFile; fileRef = A439D3B41267384900426874 /* BWToolkitFramework.framework */; };
		A439D3F21267388B00426874 /* BWToolkitFramework.framework in Copy Frameworks Files */ = {isa = PBXBuildFile; fileRef = A439D3B41267384900426874 /* BWToolkitFramework.framework */; };
		A439D4111267407400426874 /* ClipboardAboutWindowController.mm in Sources */ = {isa = PBXBuildFile; fileRef = A439D4101267407400426874 /* ClipboardAboutWindowController.mm */; };
		A439D4131267409400426874 /* AboutWindow.xib in Resources */ = {isa = PBXBuildFile; fileRef = A439D4121267409400426874 /* AboutWindow.xib */; };
		A439D417126741B700426874 /* ClipboardViewController.mm in Sources */ = {isa = PBXBuildFile; fileRef = A439D416126741B700426874 /* ClipboardViewController.mm */; };
		A46F2267126642FD0053E216 /* MainWindow.xib in Resources */ = {isa = PBXBuildFile; fileRef = A46F2266126642FD0053E216 /* MainWindow.xib */; };
		C9261AD211213C4C00EB7B69 /* arxmain.cpp in Sources */ = {isa = PBXBuildFile; fileRef = C9261AD111213C4C00EB7B69 /* arxmain.cpp */; };
/* End PBXBuildFile section */

/* Begin PBXCopyFilesBuildPhase section */
		A42E03781263AA420050268E /* Copy PAL File */ = {
			isa = PBXCopyFilesBuildPhase;
			buildActionMask = 2147483647;
			dstPath = ClipboardManager.bundle;
			dstSubfolderSpec = 16;
			files = (
				A42E03651263AA390050268E /* PackageContents.xml in Copy PAL File */,
			);
			name = "Copy PAL File";
			runOnlyForDeploymentPostprocessing = 0;
		};
		A439D3ED1267387200426874 /* Copy Frameworks Files */ = {
			isa = PBXCopyFilesBuildPhase;
			buildActionMask = 2147483647;
			dstPath = "";
			dstSubfolderSpec = 10;
			files = (
				A439D3F21267388B00426874 /* BWToolkitFramework.framework in Copy Frameworks Files */,
			);
			name = "Copy Frameworks Files";
			runOnlyForDeploymentPostprocessing = 0;
		};
/* End PBXCopyFilesBuildPhase section */

/* Begin PBXFileReference section */
		089C1672FE841209C02AAC07 /* Foundation.framework */ = {isa = PBXFileReference; lastKnownFileType = wrapper.framework; name = Foundation.framework; path = /System/Library/Frameworks/Foundation.framework; sourceTree = "<absolute>"; };
		089C167EFE841241C02AAC07 /* English */ = {isa = PBXFileReference; fileEncoding = 10; lastKnownFileType = text.plist.strings; name = English; path = English.lproj/InfoPlist.strings; sourceTree = "<group>"; };
		089C167FFE841241C02AAC07 /* AppKit.framework */ = {isa = PBXFileReference; lastKnownFileType = wrapper.framework; name = AppKit.framework; path = /System/Library/Frameworks/AppKit.framework; sourceTree = "<absolute>"; };
		1058C7ADFEA557BF11CA2CBB /* Cocoa.framework */ = {isa = PBXFileReference; lastKnownFileType = wrapper.framework; name = Cocoa.framework; path = /System/Library/Frameworks/Cocoa.framework; sourceTree = "<absolute>"; };
		32DBCF630370AF2F00C91783 /* ClipboardManager_Prefix.pch */ = {isa = PBXFileReference; fileEncoding = 4; lastKnownFileType = sourcecode.c.h; path = ClipboardManager_Prefix.pch; sourceTree = "<group>"; };
		8D5B49B6048680CD000E48DA /* ClipboardManager.bundle */ = {isa = PBXFileReference; explicitFileType = wrapper.cfbundle; includeInIndex = 0; path = ClipboardManager.bundle; sourceTree = BUILT_PRODUCTS_DIR; };
		8D5B49B7048680CD000E48DA /* Info.plist */ = {isa = PBXFileReference; fileEncoding = 4; lastKnownFileType = text.plist.xml; path = Info.plist; sourceTree = "<group>"; };
		A42E03301263A73B0050268E /* ClipboardWindowController.h */ = {isa = PBXFileReference; fileEncoding = 4; lastKnownFileType = sourcecode.c.h; path = ClipboardWindowController.h; sourceTree = "<group>"; };
		A42E03311263A73B0050268E /* ClipboardWindowController.mm */ = {isa = PBXFileReference; fileEncoding = 4; lastKnownFileType = sourcecode.cpp.objcpp; path = ClipboardWindowController.mm; sourceTree = "<group>"; };
		A42E03431263A9970050268E /* PackageContents.xml */ = {isa = PBXFileReference; fileEncoding = 4; lastKnownFileType = text.xml; path = PackageContents.xml; sourceTree = "<group>"; };
		A42E03B21263AFC20050268E /* ClipboardApplication.h */ = {isa = PBXFileReference; fileEncoding = 4; lastKnownFileType = sourcecode.c.h; path = ClipboardApplication.h; sourceTree = "<group>"; };
		A42E03B31263AFC20050268E /* ClipboardApplication.mm */ = {isa = PBXFileReference; fileEncoding = 4; lastKnownFileType = sourcecode.cpp.objcpp; path = ClipboardApplication.mm; sourceTree = "<group>"; };
		A42E03B51263B05C0050268E /* ClipboardCadHelper.h */ = {isa = PBXFileReference; fileEncoding = 4; lastKnownFileType = sourcecode.c.h; path = ClipboardCadHelper.h; sourceTree = "<group>"; };
		A42E03B61263B05C0050268E /* ClipboardCadHelper.mm */ = {isa = PBXFileReference; fileEncoding = 4; lastKnownFileType = sourcecode.cpp.objcpp; path = ClipboardCadHelper.mm; sourceTree = "<group>"; };
		A439D3B41267384900426874 /* BWToolkitFramework.framework */ = {isa = PBXFileReference; lastKnownFileType = wrapper.framework; name = BWToolkitFramework.framework; path = /Users/jnjosh/Documents/Frameworks/BWToolkit/BWToolkitFramework.framework; sourceTree = "<absolute>"; };
		A439D40F1267407400426874 /* ClipboardAboutWindowController.h */ = {isa = PBXFileReference; fileEncoding = 4; lastKnownFileType = sourcecode.c.h; path = ClipboardAboutWindowController.h; sourceTree = "<group>"; };
		A439D4101267407400426874 /* ClipboardAboutWindowController.mm */ = {isa = PBXFileReference; fileEncoding = 4; lastKnownFileType = sourcecode.cpp.objcpp; path = ClipboardAboutWindowController.mm; sourceTree = "<group>"; };
		A439D4121267409400426874 /* AboutWindow.xib */ = {isa = PBXFileReference; lastKnownFileType = file.xib; path = AboutWindow.xib; sourceTree = "<group>"; };
		A439D415126741B700426874 /* ClipboardViewController.h */ = {isa = PBXFileReference; fileEncoding = 4; lastKnownFileType = sourcecode.c.h; path = ClipboardViewController.h; sourceTree = "<group>"; };
		A439D416126741B700426874 /* ClipboardViewController.mm */ = {isa = PBXFileReference; fileEncoding = 4; lastKnownFileType = sourcecode.cpp.objcpp; path = ClipboardViewController.mm; sourceTree = "<group>"; };
		A46F210A1265EC250053E216 /* SynthesizeSingletons.h */ = {isa = PBXFileReference; fileEncoding = 4; lastKnownFileType = sourcecode.c.h; path = SynthesizeSingletons.h; sourceTree = "<group>"; };
		A46F2266126642FD0053E216 /* MainWindow.xib */ = {isa = PBXFileReference; lastKnownFileType = file.xib; path = MainWindow.xib; sourceTree = "<group>"; };
		C9261AD111213C4C00EB7B69 /* arxmain.cpp */ = {isa = PBXFileReference; fileEncoding = 12; lastKnownFileType = sourcecode.cpp.cpp; path = arxmain.cpp; sourceTree = "<group>"; };
		C977176711F8485800038E11 /* arx_release.xcconfig */ = {isa = PBXFileReference; fileEncoding = 12; lastKnownFileType = text.xcconfig; path = arx_release.xcconfig; sourceTree = SOURCE_ROOT; };
		C977176811F8485800038E11 /* arx_debug.xcconfig */ = {isa = PBXFileReference; fileEncoding = 12; lastKnownFileType = text.xcconfig; path = arx_debug.xcconfig; sourceTree = SOURCE_ROOT; };
		D2F7E65807B2D6F200F64583 /* CoreData.framework */ = {isa = PBXFileReference; lastKnownFileType = wrapper.framework; name = CoreData.framework; path = /System/Library/Frameworks/CoreData.framework; sourceTree = "<absolute>"; };
/* End PBXFileReference section */

/* Begin PBXFrameworksBuildPhase section */
		8D5B49B3048680CD000E48DA /* Frameworks */ = {
			isa = PBXFrameworksBuildPhase;
			buildActionMask = 2147483647;
			files = (
				8D5B49B4048680CD000E48DA /* Cocoa.framework in Frameworks */,
				A439D3B51267384900426874 /* BWToolkitFramework.framework in Frameworks */,
			);
			runOnlyForDeploymentPostprocessing = 0;
		};
/* End PBXFrameworksBuildPhase section */

/* Begin PBXGroup section */
		089C166AFE841209C02AAC07 /* ClipboardManager */ = {
			isa = PBXGroup;
			children = (
				C986E32F111FE76C00C3D33D /* Configurations */,
				08FB77AFFE84173DC02AAC07 /* Classes */,
				32C88E010371C26100C91783 /* Other Sources */,
				089C167CFE841241C02AAC07 /* Resources */,
				089C1671FE841209C02AAC07 /* Frameworks and Libraries */,
				19C28FB8FE9D52D311CA2CBB /* Products */,
			);
			name = ClipboardManager;
			sourceTree = "<group>";
		};
		089C1671FE841209C02AAC07 /* Frameworks and Libraries */ = {
			isa = PBXGroup;
			children = (
				1058C7ACFEA557BF11CA2CBB /* Linked Frameworks */,
				1058C7AEFEA557BF11CA2CBB /* Other Frameworks */,
			);
			name = "Frameworks and Libraries";
			sourceTree = "<group>";
		};
		089C167CFE841241C02AAC07 /* Resources */ = {
			isa = PBXGroup;
			children = (
				8D5B49B7048680CD000E48DA /* Info.plist */,
				089C167DFE841241C02AAC07 /* InfoPlist.strings */,
				A42E03431263A9970050268E /* PackageContents.xml */,
				A46F2266126642FD0053E216 /* MainWindow.xib */,
				A439D4121267409400426874 /* AboutWindow.xib */,
			);
			name = Resources;
			sourceTree = "<group>";
		};
		08FB77AFFE84173DC02AAC07 /* Classes */ = {
			isa = PBXGroup;
			children = (
				A46F21091265EC090053E216 /* Utilities */,
				A439D441126749DB00426874 /* Helpers */,
				A439D440126749C200426874 /* Controllers */,
				A42E03B21263AFC20050268E /* ClipboardApplication.h */,
				A42E03B31263AFC20050268E /* ClipboardApplication.mm */,
			);
			name = Classes;
			sourceTree = "<group>";
		};
		1058C7ACFEA557BF11CA2CBB /* Linked Frameworks */ = {
			isa = PBXGroup;
			children = (
				1058C7ADFEA557BF11CA2CBB /* Cocoa.framework */,
				A439D3B41267384900426874 /* BWToolkitFramework.framework */,
			);
			name = "Linked Frameworks";
			sourceTree = "<group>";
		};
		1058C7AEFEA557BF11CA2CBB /* Other Frameworks */ = {
			isa = PBXGroup;
			children = (
				089C167FFE841241C02AAC07 /* AppKit.framework */,
				D2F7E65807B2D6F200F64583 /* CoreData.framework */,
				089C1672FE841209C02AAC07 /* Foundation.framework */,
			);
			name = "Other Frameworks";
			sourceTree = "<group>";
		};
		19C28FB8FE9D52D311CA2CBB /* Products */ = {
			isa = PBXGroup;
			children = (
				8D5B49B6048680CD000E48DA /* ClipboardManager.bundle */,
			);
			name = Products;
			sourceTree = "<group>";
		};
		32C88E010371C26100C91783 /* Other Sources */ = {
			isa = PBXGroup;
			children = (
				C9261AD111213C4C00EB7B69 /* arxmain.cpp */,
				32DBCF630370AF2F00C91783 /* ClipboardManager_Prefix.pch */,
			);
			name = "Other Sources";
			sourceTree = "<group>";
		};
		A439D440126749C200426874 /* Controllers */ = {
			isa = PBXGroup;
			children = (
				A42E03301263A73B0050268E /* ClipboardWindowController.h */,
				A42E03311263A73B0050268E /* ClipboardWindowController.mm */,
				A439D415126741B700426874 /* ClipboardViewController.h */,
				A439D416126741B700426874 /* ClipboardViewController.mm */,
				A439D40F1267407400426874 /* ClipboardAboutWindowController.h */,
				A439D4101267407400426874 /* ClipboardAboutWindowController.mm */,
			);
			name = Controllers;
			sourceTree = "<group>";
		};
		A439D441126749DB00426874 /* Helpers */ = {
			isa = PBXGroup;
			children = (
				A42E03B51263B05C0050268E /* ClipboardCadHelper.h */,
				A42E03B61263B05C0050268E /* ClipboardCadHelper.mm */,
			);
			name = Helpers;
			sourceTree = "<group>";
		};
		A46F21091265EC090053E216 /* Utilities */ = {
			isa = PBXGroup;
			children = (
				A46F210A1265EC250053E216 /* SynthesizeSingletons.h */,
			);
			name = Utilities;
			sourceTree = "<group>";
		};
		C986E32F111FE76C00C3D33D /* Configurations */ = {
			isa = PBXGroup;
			children = (
				C977176711F8485800038E11 /* arx_release.xcconfig */,
				C977176811F8485800038E11 /* arx_debug.xcconfig */,
			);
			name = Configurations;
			sourceTree = "<group>";
		};
/* End PBXGroup section */

/* Begin PBXNativeTarget section */
		8D5B49AC048680CD000E48DA /* ClipboardManager */ = {
			isa = PBXNativeTarget;
			buildConfigurationList = 1DEB913A08733D840010E9CD /* Build configuration list for PBXNativeTarget "ClipboardManager" */;
			buildPhases = (
				8D5B49AF048680CD000E48DA /* Resources */,
				8D5B49B1048680CD000E48DA /* Sources */,
				8D5B49B3048680CD000E48DA /* Frameworks */,
				A439D3ED1267387200426874 /* Copy Frameworks Files */,
				A42E03781263AA420050268E /* Copy PAL File */,
			);
			buildRules = (
			);
			dependencies = (
			);
			name = ClipboardManager;
			productInstallPath = "$(HOME)/Library/Bundles";
			productName = ClipboardManager;
			productReference = 8D5B49B6048680CD000E48DA /* ClipboardManager.bundle */;
			productType = "com.apple.product-type.bundle";
		};
/* End PBXNativeTarget section */

/* Begin PBXProject section */
		089C1669FE841209C02AAC07 /* Project object */ = {
			isa = PBXProject;
			buildConfigurationList = 1DEB913E08733D840010E9CD /* Build configuration list for PBXProject "ClipboardManager" */;
			compatibilityVersion = "Xcode 3.1";
			developmentRegion = English;
			hasScannedForEncodings = 1;
			knownRegions = (
				English,
				Japanese,
				French,
				German,
			);
			mainGroup = 089C166AFE841209C02AAC07 /* ClipboardManager */;
			projectDirPath = "";
			projectRoot = "";
			targets = (
				8D5B49AC048680CD000E48DA /* ClipboardManager */,
			);
		};
/* End PBXProject section */

/* Begin PBXResourcesBuildPhase section */
		8D5B49AF048680CD000E48DA /* Resources */ = {
			isa = PBXResourcesBuildPhase;
			buildActionMask = 2147483647;
			files = (
				8D5B49B0048680CD000E48DA /* InfoPlist.strings in Resources */,
				A46F2267126642FD0053E216 /* MainWindow.xib in Resources */,
				A439D4131267409400426874 /* AboutWindow.xib in Resources */,
			);
			runOnlyForDeploymentPostprocessing = 0;
		};
/* End PBXResourcesBuildPhase section */

/* Begin PBXSourcesBuildPhase section */
		8D5B49B1048680CD000E48DA /* Sources */ = {
			isa = PBXSourcesBuildPhase;
			buildActionMask = 2147483647;
			files = (
				C9261AD211213C4C00EB7B69 /* arxmain.cpp in Sources */,
				A42E03321263A73B0050268E /* ClipboardWindowController.mm in Sources */,
				A42E03B41263AFC20050268E /* ClipboardApplication.mm in Sources */,
				A42E03B71263B05C0050268E /* ClipboardCadHelper.mm in Sources */,
				A439D4111267407400426874 /* ClipboardAboutWindowController.mm in Sources */,
				A439D417126741B700426874 /* ClipboardViewController.mm in Sources */,
			);
			runOnlyForDeploymentPostprocessing = 0;
		};
/* End PBXSourcesBuildPhase section */

/* Begin PBXVariantGroup section */
		089C167DFE841241C02AAC07 /* InfoPlist.strings */ = {
			isa = PBXVariantGroup;
			children = (
				089C167EFE841241C02AAC07 /* English */,
			);
			name = InfoPlist.strings;
			sourceTree = "<group>";
		};
/* End PBXVariantGroup section */

/* Begin XCBuildConfiguration section */
		1DEB913B08733D840010E9CD /* Debug */ = {
			isa = XCBuildConfiguration;
			buildSettings = {
				FRAMEWORK_SEARCH_PATHS = (
					"$(inherited)",
					"\"$(SRCROOT)/../../../Frameworks/BWToolkit\"",
				);
			};
			name = Debug;
		};
		1DEB913C08733D840010E9CD /* Release */ = {
			isa = XCBuildConfiguration;
			buildSettings = {
				FRAMEWORK_SEARCH_PATHS = (
					"$(inherited)",
					"\"$(SRCROOT)/../../../Frameworks/BWToolkit\"",
				);
			};
			name = Release;
		};
		1DEB913F08733D840010E9CD /* Debug */ = {
			isa = XCBuildConfiguration;
			baseConfigurationReference = C977176811F8485800038E11 /* arx_debug.xcconfig */;
			buildSettings = {
			};
			name = Debug;
		};
		1DEB914008733D840010E9CD /* Release */ = {
			isa = XCBuildConfiguration;
			baseConfigurationReference = C977176711F8485800038E11 /* arx_release.xcconfig */;
			buildSettings = {
			};
			name = Release;
		};
/* End XCBuildConfiguration section */

/* Begin XCConfigurationList section */
		1DEB913A08733D840010E9CD /* Build configuration list for PBXNativeTarget "ClipboardManager" */ = {
			isa = XCConfigurationList;
			buildConfigurations = (
				1DEB913B08733D840010E9CD /* Debug */,
				1DEB913C08733D840010E9CD /* Release */,
			);
			defaultConfigurationIsVisible = 0;
			defaultConfigurationName = Release;
		};
		1DEB913E08733D840010E9CD /* Build configuration list for PBXProject "ClipboardManager" */ = {
			isa = XCConfigurationList;
			buildConfigurations = (
				1DEB913F08733D840010E9CD /* Debug */,
				1DEB914008733D840010E9CD /* Release */,
			);
			defaultConfigurationIsVisible = 0;
			defaultConfigurationName = Release;
		};
/* End XCConfigurationList section */
	};
	rootObject = 089C1669FE841209C02AAC07 /* Project object */;
}
